// !$*UTF8*$!
{
	archiveVersion = 1;
	classes = {
	};
	objectVersion = 51;
	objects = {

/* Begin PBXBuildFile section */
		3B26AED324425A8100EA1EE2 /* AWSAppSync.framework in Frameworks */ = {isa = PBXBuildFile; fileRef = 3B26AED224425A8100EA1EE2 /* AWSAppSync.framework */; };
		3B26AED924425A8600EA1EE2 /* AWSCore.framework in Frameworks */ = {isa = PBXBuildFile; fileRef = 3B26AED824425A8600EA1EE2 /* AWSCore.framework */; };
		3B3D29051F1BE29000AC3D5D /* Images in Resources */ = {isa = PBXBuildFile; fileRef = 3B3D29041F1BE29000AC3D5D /* Images */; };
		3B9CF8B81EF1F56E004F009D /* AlbumContentsTableViewCell.xib in Resources */ = {isa = PBXBuildFile; fileRef = 3B9CF8B71EF1F56E004F009D /* AlbumContentsTableViewCell.xib */; };
		3BC9244D2273B4B40001FF62 /* NotesViewController.xib in Resources */ = {isa = PBXBuildFile; fileRef = 3BC9244C2273B4B40001FF62 /* NotesViewController.xib */; };
		3BD6EABA22C035DD0086B502 /* API.swift in Sources */ = {isa = PBXBuildFile; fileRef = 3BD6EAB922C035DD0086B502 /* API.swift */; };
		3BD6EACE22C22E7C0086B502 /* AppSyncInterface.swift in Sources */ = {isa = PBXBuildFile; fileRef = 3BD6EACD22C22E7C0086B502 /* AppSyncInterface.swift */; };
		3BD6EAD422CB021E0086B502 /* awsconfiguration.json in Resources */ = {isa = PBXBuildFile; fileRef = 3BD6EAD322CB021E0086B502 /* awsconfiguration.json */; };
		3BD6EAD922DAC2420086B502 /* MKiCloudSync.m in Sources */ = {isa = PBXBuildFile; fileRef = 3BD6EAD822DAC2420086B502 /* MKiCloudSync.m */; };
		3BF7F7581E71870100419F8D /* libsharing.a in Frameworks */ = {isa = PBXBuildFile; fileRef = 3BF7F7531E71863F00419F8D /* libsharing.a */; };
		3BF7F75B1E71870600419F8D /* libcommon.a in Frameworks */ = {isa = PBXBuildFile; fileRef = 3BF7F74C1E71863500419F8D /* libcommon.a */; };
		3BFE75D41FA0898F005A4B56 /* sharing.xcdatamodeld in Sources */ = {isa = PBXBuildFile; fileRef = 3BFE75D21FA0898F005A4B56 /* sharing.xcdatamodeld */; };
		99FA274BC544F2251587EF1A /* Pods_EasyGrocList.framework in Frameworks */ = {isa = PBXBuildFile; fileRef = BBC0DEF16C326B2908C80A5C /* Pods_EasyGrocList.framework */; };
		C8F8EA5EC380CFDED4A299BF /* Pods_EasyGrocListTests.framework in Frameworks */ = {isa = PBXBuildFile; fileRef = 93EB96A0C29C36384BA4A379 /* Pods_EasyGrocListTests.framework */; };
		DB3940E11BB4B12F004D601E /* EasyGrocTranslator.m in Sources */ = {isa = PBXBuildFile; fileRef = DB3940E01BB4B12F004D601E /* EasyGrocTranslator.m */; };
		DB3940E41BB84796004D601E /* EasyGrocDecoder.m in Sources */ = {isa = PBXBuildFile; fileRef = DB3940E31BB84796004D601E /* EasyGrocDecoder.m */; };
		DB5079D11B25B72E0094838A /* EasyKchainItemWrapper.m in Sources */ = {isa = PBXBuildFile; fileRef = DB5079D01B25B72E0094838A /* EasyKchainItemWrapper.m */; };
		DB7BFAFA1C1D936900D68CEE /* IsSelected.png in Resources */ = {isa = PBXBuildFile; fileRef = DB7BFAF81C1D936900D68CEE /* IsSelected.png */; };
		DB7BFAFB1C1D936900D68CEE /* NotSelected.png in Resources */ = {isa = PBXBuildFile; fileRef = DB7BFAF91C1D936900D68CEE /* NotSelected.png */; };
		DBA254051BF3C4C900E04844 /* SharingDelegate.m in Sources */ = {isa = PBXBuildFile; fileRef = DBA254031BF3C4C900E04844 /* SharingDelegate.m */; };
		DBA254061BF3C4C900E04844 /* SharingDelegate.xib in Resources */ = {isa = PBXBuildFile; fileRef = DBA254041BF3C4C900E04844 /* SharingDelegate.xib */; };
		DBBF2BB81701B9580083912F /* camera.png in Resources */ = {isa = PBXBuildFile; fileRef = DBBF2BB71701B9570083912F /* camera.png */; };
		DBBF2BD71737CE310083912F /* delete_button.png in Resources */ = {isa = PBXBuildFile; fileRef = DBBF2BD61737CE300083912F /* delete_button.png */; };
		DBBF2C051756B5510083912F /* MobileCoreServices.framework in Frameworks */ = {isa = PBXBuildFile; fileRef = DBBF2C041756B5500083912F /* MobileCoreServices.framework */; };
		DBDCDB141BF04432001A277A /* 895-user-group@2x.png in Resources */ = {isa = PBXBuildFile; fileRef = DBDCDB121BF04432001A277A /* 895-user-group@2x.png */; };
		DBDCDB151BF04432001A277A /* 895-user-group@3x.png in Resources */ = {isa = PBXBuildFile; fileRef = DBDCDB131BF04432001A277A /* 895-user-group@3x.png */; };
		DBDCDB181BF04473001A277A /* 895-user-group-selected@2x.png in Resources */ = {isa = PBXBuildFile; fileRef = DBDCDB161BF04473001A277A /* 895-user-group-selected@2x.png */; };
		DBDCDB191BF04473001A277A /* 895-user-group-selected@3x.png in Resources */ = {isa = PBXBuildFile; fileRef = DBDCDB171BF04473001A277A /* 895-user-group-selected@3x.png */; };
		DBDCDB1B1BF05505001A277A /* 802-dog-house@2x.png in Resources */ = {isa = PBXBuildFile; fileRef = DBDCDB1A1BF05505001A277A /* 802-dog-house@2x.png */; };
		DBDCDB1D1BF0551F001A277A /* 802-dog-house-selected@2x.png in Resources */ = {isa = PBXBuildFile; fileRef = DBDCDB1C1BF0551F001A277A /* 802-dog-house-selected@2x.png */; };
		DBE8526A16E0168600F709E7 /* UIKit.framework in Frameworks */ = {isa = PBXBuildFile; fileRef = DBE8526916E0168600F709E7 /* UIKit.framework */; };
		DBE8526C16E0168600F709E7 /* Foundation.framework in Frameworks */ = {isa = PBXBuildFile; fileRef = DBE8526B16E0168600F709E7 /* Foundation.framework */; };
		DBE8526E16E0168600F709E7 /* CoreGraphics.framework in Frameworks */ = {isa = PBXBuildFile; fileRef = DBE8526D16E0168600F709E7 /* CoreGraphics.framework */; };
		DBE8527016E0168600F709E7 /* CoreData.framework in Frameworks */ = {isa = PBXBuildFile; fileRef = DBE8526F16E0168600F709E7 /* CoreData.framework */; };
		DBE8527616E0168600F709E7 /* InfoPlist.strings in Resources */ = {isa = PBXBuildFile; fileRef = DBE8527416E0168600F709E7 /* InfoPlist.strings */; };
		DBE8527816E0168600F709E7 /* main.m in Sources */ = {isa = PBXBuildFile; fileRef = DBE8527716E0168600F709E7 /* main.m */; };
		DBE8527C16E0168600F709E7 /* AppDelegate.m in Sources */ = {isa = PBXBuildFile; fileRef = DBE8527B16E0168600F709E7 /* AppDelegate.m */; };
		DBE8527E16E0168600F709E7 /* Default.png in Resources */ = {isa = PBXBuildFile; fileRef = DBE8527D16E0168600F709E7 /* Default.png */; };
		DBE8528016E0168600F709E7 /* Default@2x.png in Resources */ = {isa = PBXBuildFile; fileRef = DBE8527F16E0168600F709E7 /* Default@2x.png */; };
		DBE8528216E0168600F709E7 /* Default-568h@2x.png in Resources */ = {isa = PBXBuildFile; fileRef = DBE8528116E0168600F709E7 /* Default-568h@2x.png */; };
		DBE8528516E0168600F709E7 /* EasyGrocList.xcdatamodeld in Sources */ = {isa = PBXBuildFile; fileRef = DBE8528316E0168600F709E7 /* EasyGrocList.xcdatamodeld */; };
		DBE8528E16E0168700F709E7 /* UIKit.framework in Frameworks */ = {isa = PBXBuildFile; fileRef = DBE8526916E0168600F709E7 /* UIKit.framework */; };
		DBE8528F16E0168700F709E7 /* Foundation.framework in Frameworks */ = {isa = PBXBuildFile; fileRef = DBE8526B16E0168600F709E7 /* Foundation.framework */; };
		DBE8529016E0168700F709E7 /* CoreData.framework in Frameworks */ = {isa = PBXBuildFile; fileRef = DBE8526F16E0168600F709E7 /* CoreData.framework */; };
		DBE8529816E0168700F709E7 /* InfoPlist.strings in Resources */ = {isa = PBXBuildFile; fileRef = DBE8529616E0168700F709E7 /* InfoPlist.strings */; };
		DBE8529B16E0168700F709E7 /* EasyGrocListTests.m in Sources */ = {isa = PBXBuildFile; fileRef = DBE8529A16E0168700F709E7 /* EasyGrocListTests.m */; };
		DBF61DA31BB175780093B83A /* EasyGrocShareMgr.m in Sources */ = {isa = PBXBuildFile; fileRef = DBF61DA21BB175780093B83A /* EasyGrocShareMgr.m */; };
		DBFCDACA1AE740B400E7D683 /* Grocery_list_icon_180.png in Resources */ = {isa = PBXBuildFile; fileRef = DBFCDAC91AE740B400E7D683 /* Grocery_list_icon_180.png */; };
		DBFCDAD01AE7453300E7D683 /* Images.xcassets in Resources */ = {isa = PBXBuildFile; fileRef = DBFCDACF1AE7453300E7D683 /* Images.xcassets */; };
		E800D1A5258105D800C4D48F /* sharing_new.xcdatamodeld in Sources */ = {isa = PBXBuildFile; fileRef = E800D1A3258105D800C4D48F /* sharing_new.xcdatamodeld */; };
		E882DF6624A91B8800C17723 /* client.der in Resources */ = {isa = PBXBuildFile; fileRef = E882DF6524A91B8800C17723 /* client.der */; };
		E882DF6B24BCAE5600C17723 /* StoreKit.framework in Frameworks */ = {isa = PBXBuildFile; fileRef = DB51F6A31ADDC9BB00C3ADB7 /* StoreKit.framework */; };
		E8B43B8A263AFC40000785EF /* SubscribeViewController.xib in Resources */ = {isa = PBXBuildFile; fileRef = E8B43B89263AFC40000785EF /* SubscribeViewController.xib */; };
/* End PBXBuildFile section */

/* Begin PBXContainerItemProxy section */
		3BF7F74B1E71863500419F8D /* PBXContainerItemProxy */ = {
			isa = PBXContainerItemProxy;
			containerPortal = 3BF7F7461E71863500419F8D /* common.xcodeproj */;
			proxyType = 2;
			remoteGlobalIDString = DB00E4B11C7A9FF700E898F7;
			remoteInfo = common;
		};
		3BF7F7521E71863F00419F8D /* PBXContainerItemProxy */ = {
			isa = PBXContainerItemProxy;
			containerPortal = 3BF7F74D1E71863F00419F8D /* sharing.xcodeproj */;
			proxyType = 2;
			remoteGlobalIDString = DB881C3A1C5F0E4A00A2D0EA;
			remoteInfo = sharing;
		};
		DBE8529116E0168700F709E7 /* PBXContainerItemProxy */ = {
			isa = PBXContainerItemProxy;
			containerPortal = DBE8525C16E0168600F709E7 /* Project object */;
			proxyType = 1;
			remoteGlobalIDString = DBE8526416E0168600F709E7;
			remoteInfo = EasyGrocList;
		};
/* End PBXContainerItemProxy section */

/* Begin PBXCopyFilesBuildPhase section */
		E9ECCBC21C704FFD004D68E9 /* Embed Watch Content */ = {
			isa = PBXCopyFilesBuildPhase;
			buildActionMask = 2147483647;
			dstPath = "$(CONTENTS_FOLDER_PATH)/Watch";
			dstSubfolderSpec = 16;
			files = (
			);
			name = "Embed Watch Content";
			runOnlyForDeploymentPostprocessing = 0;
		};
/* End PBXCopyFilesBuildPhase section */

/* Begin PBXFileReference section */
		3B26AED224425A8100EA1EE2 /* AWSAppSync.framework */ = {isa = PBXFileReference; explicitFileType = wrapper.framework; path = AWSAppSync.framework; sourceTree = BUILT_PRODUCTS_DIR; };
		3B26AED824425A8600EA1EE2 /* AWSCore.framework */ = {isa = PBXFileReference; explicitFileType = wrapper.framework; path = AWSCore.framework; sourceTree = BUILT_PRODUCTS_DIR; };
		3B3D29041F1BE29000AC3D5D /* Images */ = {isa = PBXFileReference; lastKnownFileType = folder; path = Images; sourceTree = SOURCE_ROOT; };
		3B9CF8B71EF1F56E004F009D /* AlbumContentsTableViewCell.xib */ = {isa = PBXFileReference; fileEncoding = 4; lastKnownFileType = file.xib; name = AlbumContentsTableViewCell.xib; path = EasyGrocList/AlbumContentsTableViewCell.xib; sourceTree = "<group>"; };
		3BB8D66B249C641D006EDFBF /* servercert.der */ = {isa = PBXFileReference; lastKnownFileType = file; path = servercert.der; sourceTree = "<group>"; };
		3BC9244C2273B4B40001FF62 /* NotesViewController.xib */ = {isa = PBXFileReference; fileEncoding = 4; lastKnownFileType = file.xib; path = NotesViewController.xib; sourceTree = "<group>"; };
		3BC92A972442517400A9D9DB /* AWSAppSync.framework */ = {isa = PBXFileReference; explicitFileType = wrapper.framework; path = AWSAppSync.framework; sourceTree = BUILT_PRODUCTS_DIR; };
		3BC92A9B2442517B00A9D9DB /* AWSCore.framework */ = {isa = PBXFileReference; explicitFileType = wrapper.framework; path = AWSCore.framework; sourceTree = BUILT_PRODUCTS_DIR; };
		3BC92A9E2442529900A9D9DB /* AWSAppSync.framework */ = {isa = PBXFileReference; explicitFileType = wrapper.framework; path = AWSAppSync.framework; sourceTree = BUILT_PRODUCTS_DIR; };
		3BD6EAB822C035DC0086B502 /* EasyGrocList-Bridging-Header.h */ = {isa = PBXFileReference; lastKnownFileType = sourcecode.c.h; path = "EasyGrocList-Bridging-Header.h"; sourceTree = "<group>"; };
		3BD6EAB922C035DD0086B502 /* API.swift */ = {isa = PBXFileReference; fileEncoding = 4; lastKnownFileType = sourcecode.swift; path = API.swift; sourceTree = SOURCE_ROOT; };
		3BD6EACD22C22E7C0086B502 /* AppSyncInterface.swift */ = {isa = PBXFileReference; lastKnownFileType = sourcecode.swift; path = AppSyncInterface.swift; sourceTree = "<group>"; };
		3BD6EAD322CB021E0086B502 /* awsconfiguration.json */ = {isa = PBXFileReference; fileEncoding = 4; lastKnownFileType = text.json; path = awsconfiguration.json; sourceTree = SOURCE_ROOT; };
		3BD6EAD722DAC2310086B502 /* MKiCloudSync.h */ = {isa = PBXFileReference; lastKnownFileType = sourcecode.c.h; path = MKiCloudSync.h; sourceTree = "<group>"; };
		3BD6EAD822DAC2420086B502 /* MKiCloudSync.m */ = {isa = PBXFileReference; fileEncoding = 4; lastKnownFileType = sourcecode.c.objc; path = MKiCloudSync.m; sourceTree = "<group>"; };
		3BF7F7461E71863500419F8D /* common.xcodeproj */ = {isa = PBXFileReference; lastKnownFileType = "wrapper.pb-project"; name = common.xcodeproj; path = ../common/common.xcodeproj; sourceTree = "<group>"; };
		3BF7F74D1E71863F00419F8D /* sharing.xcodeproj */ = {isa = PBXFileReference; lastKnownFileType = "wrapper.pb-project"; name = sharing.xcodeproj; path = ../sharing/sharing.xcodeproj; sourceTree = "<group>"; };
		3BFE75D31FA0898F005A4B56 /* sharing.xcdatamodel */ = {isa = PBXFileReference; lastKnownFileType = wrapper.xcdatamodel; path = sharing.xcdatamodel; sourceTree = "<group>"; };
		535DC9C09A85FE9A703C81FD /* Pods-EasyGrocListTests.debug.xcconfig */ = {isa = PBXFileReference; includeInIndex = 1; lastKnownFileType = text.xcconfig; name = "Pods-EasyGrocListTests.debug.xcconfig"; path = "Target Support Files/Pods-EasyGrocListTests/Pods-EasyGrocListTests.debug.xcconfig"; sourceTree = "<group>"; };
		93EB96A0C29C36384BA4A379 /* Pods_EasyGrocListTests.framework */ = {isa = PBXFileReference; explicitFileType = wrapper.framework; includeInIndex = 0; path = Pods_EasyGrocListTests.framework; sourceTree = BUILT_PRODUCTS_DIR; };
		A607B1DB76927372B124AF60 /* Pods-EasyGrocList.release.xcconfig */ = {isa = PBXFileReference; includeInIndex = 1; lastKnownFileType = text.xcconfig; name = "Pods-EasyGrocList.release.xcconfig"; path = "Target Support Files/Pods-EasyGrocList/Pods-EasyGrocList.release.xcconfig"; sourceTree = "<group>"; };
		BBC0DEF16C326B2908C80A5C /* Pods_EasyGrocList.framework */ = {isa = PBXFileReference; explicitFileType = wrapper.framework; includeInIndex = 0; path = Pods_EasyGrocList.framework; sourceTree = BUILT_PRODUCTS_DIR; };
		D391B2A4643521CE210557C9 /* Pods-EasyGrocListTests.release.xcconfig */ = {isa = PBXFileReference; includeInIndex = 1; lastKnownFileType = text.xcconfig; name = "Pods-EasyGrocListTests.release.xcconfig"; path = "Target Support Files/Pods-EasyGrocListTests/Pods-EasyGrocListTests.release.xcconfig"; sourceTree = "<group>"; };
		DB0C537F1AE65AD00089968D /* Grocery_list_icon_120.png */ = {isa = PBXFileReference; lastKnownFileType = image.png; name = Grocery_list_icon_120.png; path = Images/Grocery_list_icon_120.png; sourceTree = SOURCE_ROOT; };
		DB0C53811AE65BA70089968D /* Icon-60@2x.png */ = {isa = PBXFileReference; lastKnownFileType = image.png; name = "Icon-60@2x.png"; path = "Images/Icon-60@2x.png"; sourceTree = SOURCE_ROOT; };
		DB3940DF1BB4B12F004D601E /* EasyGrocTranslator.h */ = {isa = PBXFileReference; fileEncoding = 4; lastKnownFileType = sourcecode.c.h; path = EasyGrocTranslator.h; sourceTree = "<group>"; };
		DB3940E01BB4B12F004D601E /* EasyGrocTranslator.m */ = {isa = PBXFileReference; fileEncoding = 4; lastKnownFileType = sourcecode.c.objc; path = EasyGrocTranslator.m; sourceTree = "<group>"; };
		DB3940E21BB84796004D601E /* EasyGrocDecoder.h */ = {isa = PBXFileReference; fileEncoding = 4; lastKnownFileType = sourcecode.c.h; path = EasyGrocDecoder.h; sourceTree = "<group>"; };
		DB3940E31BB84796004D601E /* EasyGrocDecoder.m */ = {isa = PBXFileReference; fileEncoding = 4; lastKnownFileType = sourcecode.c.objc; path = EasyGrocDecoder.m; sourceTree = "<group>"; };
		DB3940E51BB8AF57004D601E /* Constants.h */ = {isa = PBXFileReference; lastKnownFileType = sourcecode.c.h; path = Constants.h; sourceTree = "<group>"; };
		DB5079D01B25B72E0094838A /* EasyKchainItemWrapper.m */ = {isa = PBXFileReference; fileEncoding = 4; lastKnownFileType = sourcecode.c.objc; path = EasyKchainItemWrapper.m; sourceTree = "<group>"; };
		DB5079D21B25B74B0094838A /* EasyKchainItemWrapper.h */ = {isa = PBXFileReference; fileEncoding = 4; lastKnownFileType = sourcecode.c.h; path = EasyKchainItemWrapper.h; sourceTree = "<group>"; };
		DB5079D31B25B7910094838A /* Security.framework */ = {isa = PBXFileReference; lastKnownFileType = wrapper.framework; name = Security.framework; path = System/Library/Frameworks/Security.framework; sourceTree = SDKROOT; };
		DB51F6A31ADDC9BB00C3ADB7 /* StoreKit.framework */ = {isa = PBXFileReference; lastKnownFileType = wrapper.framework; name = StoreKit.framework; path = System/Library/Frameworks/StoreKit.framework; sourceTree = SDKROOT; };
		DB7BFAF81C1D936900D68CEE /* IsSelected.png */ = {isa = PBXFileReference; lastKnownFileType = image.png; path = IsSelected.png; sourceTree = "<group>"; };
		DB7BFAF91C1D936900D68CEE /* NotSelected.png */ = {isa = PBXFileReference; lastKnownFileType = image.png; path = NotSelected.png; sourceTree = "<group>"; };
		DBA254021BF3C4C900E04844 /* SharingDelegate.h */ = {isa = PBXFileReference; fileEncoding = 4; lastKnownFileType = sourcecode.c.h; path = SharingDelegate.h; sourceTree = "<group>"; };
		DBA254031BF3C4C900E04844 /* SharingDelegate.m */ = {isa = PBXFileReference; fileEncoding = 4; lastKnownFileType = sourcecode.c.objc; path = SharingDelegate.m; sourceTree = "<group>"; };
		DBA254041BF3C4C900E04844 /* SharingDelegate.xib */ = {isa = PBXFileReference; fileEncoding = 4; lastKnownFileType = file.xib; path = SharingDelegate.xib; sourceTree = "<group>"; };
		DBB936FC1AE3CA4D00F1AD3B /* WRowController.m */ = {isa = PBXFileReference; fileEncoding = 4; lastKnownFileType = sourcecode.c.objc; path = WRowController.m; sourceTree = "<group>"; };
		DBBA05EA1AABB40F001E9959 /* Info.plist */ = {isa = PBXFileReference; lastKnownFileType = text.plist.xml; path = Info.plist; sourceTree = "<group>"; };
		DBBA05EB1AABB40F001E9959 /* PushNotificationPayload.apns */ = {isa = PBXFileReference; lastKnownFileType = text; path = PushNotificationPayload.apns; sourceTree = "<group>"; };
		DBBA05EC1AABB40F001E9959 /* InterfaceController.h */ = {isa = PBXFileReference; lastKnownFileType = sourcecode.c.h; lineEnding = 0; path = InterfaceController.h; sourceTree = "<group>"; xcLanguageSpecificationIdentifier = xcode.lang.objcpp; };
		DBBA05ED1AABB40F001E9959 /* InterfaceController.m */ = {isa = PBXFileReference; lastKnownFileType = sourcecode.c.objc; lineEnding = 0; path = InterfaceController.m; sourceTree = "<group>"; xcLanguageSpecificationIdentifier = xcode.lang.objc; };
		DBBA05EF1AABB40F001E9959 /* NotificationController.h */ = {isa = PBXFileReference; lastKnownFileType = sourcecode.c.h; path = NotificationController.h; sourceTree = "<group>"; };
		DBBA05F01AABB40F001E9959 /* NotificationController.m */ = {isa = PBXFileReference; lastKnownFileType = sourcecode.c.objc; path = NotificationController.m; sourceTree = "<group>"; };
		DBBA05F21AABB40F001E9959 /* GlanceController.h */ = {isa = PBXFileReference; lastKnownFileType = sourcecode.c.h; path = GlanceController.h; sourceTree = "<group>"; };
		DBBA05F31AABB40F001E9959 /* GlanceController.m */ = {isa = PBXFileReference; lastKnownFileType = sourcecode.c.objc; path = GlanceController.m; sourceTree = "<group>"; };
		DBBA05FF1AABB40F001E9959 /* Info.plist */ = {isa = PBXFileReference; lastKnownFileType = text.plist.xml; path = Info.plist; sourceTree = "<group>"; };
		DBBA06011AABB40F001E9959 /* Base */ = {isa = PBXFileReference; lastKnownFileType = file.storyboard; name = Base; path = Base.lproj/Interface.storyboard; sourceTree = "<group>"; };
		DBBA06121AADABC4001E9959 /* WatchKit.framework */ = {isa = PBXFileReference; lastKnownFileType = wrapper.framework; name = WatchKit.framework; path = System/Library/Frameworks/WatchKit.framework; sourceTree = SDKROOT; };
		DBBA06141AADB334001E9959 /* WRowController.h */ = {isa = PBXFileReference; fileEncoding = 4; lastKnownFileType = sourcecode.c.h; path = WRowController.h; sourceTree = "<group>"; };
		DBBA06171AC030BA001E9959 /* EasyGrocList.entitlements */ = {isa = PBXFileReference; lastKnownFileType = text.xml; path = EasyGrocList.entitlements; sourceTree = "<group>"; };
		DBBA06191AD2A491001E9959 /* DataAccessor.h */ = {isa = PBXFileReference; fileEncoding = 4; lastKnownFileType = sourcecode.c.h; path = DataAccessor.h; sourceTree = "<group>"; };
		DBBA061A1AD2A491001E9959 /* DataAccessor.m */ = {isa = PBXFileReference; fileEncoding = 4; lastKnownFileType = sourcecode.c.objc; path = DataAccessor.m; sourceTree = "<group>"; };
		DBBA061C1AD350E6001E9959 /* ListNames.h */ = {isa = PBXFileReference; fileEncoding = 4; lastKnownFileType = sourcecode.c.h; path = ListNames.h; sourceTree = "<group>"; };
		DBBA061D1AD350E6001E9959 /* ListNames.m */ = {isa = PBXFileReference; fileEncoding = 4; lastKnownFileType = sourcecode.c.objc; path = ListNames.m; sourceTree = "<group>"; };
		DBBA061F1AD351FF001E9959 /* List.h */ = {isa = PBXFileReference; fileEncoding = 4; lastKnownFileType = sourcecode.c.h; path = List.h; sourceTree = "<group>"; };
		DBBA06201AD351FF001E9959 /* List.m */ = {isa = PBXFileReference; fileEncoding = 4; lastKnownFileType = sourcecode.c.objc; path = List.m; sourceTree = "<group>"; };
		DBBA06221AD7F152001E9959 /* EasyGrocList WatchKit Extension.entitlements */ = {isa = PBXFileReference; lastKnownFileType = text.xml; path = "EasyGrocList WatchKit Extension.entitlements"; sourceTree = "<group>"; };
		DBBF2BB71701B9570083912F /* camera.png */ = {isa = PBXFileReference; lastKnownFileType = image.png; name = camera.png; path = Images/camera.png; sourceTree = SOURCE_ROOT; };
		DBBF2BD61737CE300083912F /* delete_button.png */ = {isa = PBXFileReference; lastKnownFileType = image.png; name = delete_button.png; path = Images/delete_button.png; sourceTree = SOURCE_ROOT; };
		DBBF2C041756B5500083912F /* MobileCoreServices.framework */ = {isa = PBXFileReference; lastKnownFileType = wrapper.framework; name = MobileCoreServices.framework; path = System/Library/Frameworks/MobileCoreServices.framework; sourceTree = SDKROOT; };
		DBDCDB121BF04432001A277A /* 895-user-group@2x.png */ = {isa = PBXFileReference; lastKnownFileType = image.png; path = "895-user-group@2x.png"; sourceTree = "<group>"; };
		DBDCDB131BF04432001A277A /* 895-user-group@3x.png */ = {isa = PBXFileReference; lastKnownFileType = image.png; path = "895-user-group@3x.png"; sourceTree = "<group>"; };
		DBDCDB161BF04473001A277A /* 895-user-group-selected@2x.png */ = {isa = PBXFileReference; lastKnownFileType = image.png; path = "895-user-group-selected@2x.png"; sourceTree = "<group>"; };
		DBDCDB171BF04473001A277A /* 895-user-group-selected@3x.png */ = {isa = PBXFileReference; lastKnownFileType = image.png; path = "895-user-group-selected@3x.png"; sourceTree = "<group>"; };
		DBDCDB1A1BF05505001A277A /* 802-dog-house@2x.png */ = {isa = PBXFileReference; lastKnownFileType = image.png; path = "802-dog-house@2x.png"; sourceTree = "<group>"; };
		DBDCDB1C1BF0551F001A277A /* 802-dog-house-selected@2x.png */ = {isa = PBXFileReference; lastKnownFileType = image.png; path = "802-dog-house-selected@2x.png"; sourceTree = "<group>"; };
		DBE8526516E0168600F709E7 /* EasyGrocList.app */ = {isa = PBXFileReference; explicitFileType = wrapper.application; includeInIndex = 0; path = EasyGrocList.app; sourceTree = BUILT_PRODUCTS_DIR; };
		DBE8526916E0168600F709E7 /* UIKit.framework */ = {isa = PBXFileReference; lastKnownFileType = wrapper.framework; name = UIKit.framework; path = System/Library/Frameworks/UIKit.framework; sourceTree = SDKROOT; };
		DBE8526B16E0168600F709E7 /* Foundation.framework */ = {isa = PBXFileReference; lastKnownFileType = wrapper.framework; name = Foundation.framework; path = System/Library/Frameworks/Foundation.framework; sourceTree = SDKROOT; };
		DBE8526D16E0168600F709E7 /* CoreGraphics.framework */ = {isa = PBXFileReference; lastKnownFileType = wrapper.framework; name = CoreGraphics.framework; path = System/Library/Frameworks/CoreGraphics.framework; sourceTree = SDKROOT; };
		DBE8526F16E0168600F709E7 /* CoreData.framework */ = {isa = PBXFileReference; lastKnownFileType = wrapper.framework; name = CoreData.framework; path = System/Library/Frameworks/CoreData.framework; sourceTree = SDKROOT; };
		DBE8527316E0168600F709E7 /* EasyGrocList-Info.plist */ = {isa = PBXFileReference; lastKnownFileType = text.plist.xml; path = "EasyGrocList-Info.plist"; sourceTree = "<group>"; };
		DBE8527516E0168600F709E7 /* en */ = {isa = PBXFileReference; lastKnownFileType = text.plist.strings; name = en; path = en.lproj/InfoPlist.strings; sourceTree = "<group>"; };
		DBE8527716E0168600F709E7 /* main.m */ = {isa = PBXFileReference; lastKnownFileType = sourcecode.c.objc; path = main.m; sourceTree = "<group>"; };
		DBE8527916E0168600F709E7 /* EasyGrocList-Prefix.pch */ = {isa = PBXFileReference; lastKnownFileType = sourcecode.c.h; path = "EasyGrocList-Prefix.pch"; sourceTree = "<group>"; };
		DBE8527A16E0168600F709E7 /* AppDelegate.h */ = {isa = PBXFileReference; lastKnownFileType = sourcecode.c.h; path = AppDelegate.h; sourceTree = "<group>"; };
		DBE8527B16E0168600F709E7 /* AppDelegate.m */ = {isa = PBXFileReference; lastKnownFileType = sourcecode.c.objc; lineEnding = 0; path = AppDelegate.m; sourceTree = "<group>"; xcLanguageSpecificationIdentifier = xcode.lang.objc; };
		DBE8527D16E0168600F709E7 /* Default.png */ = {isa = PBXFileReference; lastKnownFileType = image.png; path = Default.png; sourceTree = "<group>"; };
		DBE8527F16E0168600F709E7 /* Default@2x.png */ = {isa = PBXFileReference; lastKnownFileType = image.png; path = "Default@2x.png"; sourceTree = "<group>"; };
		DBE8528116E0168600F709E7 /* Default-568h@2x.png */ = {isa = PBXFileReference; lastKnownFileType = image.png; path = "Default-568h@2x.png"; sourceTree = "<group>"; };
		DBE8528416E0168600F709E7 /* EasyGrocList.xcdatamodel */ = {isa = PBXFileReference; lastKnownFileType = wrapper.xcdatamodel; path = EasyGrocList.xcdatamodel; sourceTree = "<group>"; };
		DBE8528B16E0168700F709E7 /* EasyGrocListTests.xctest */ = {isa = PBXFileReference; explicitFileType = wrapper.cfbundle; includeInIndex = 0; path = EasyGrocListTests.xctest; sourceTree = BUILT_PRODUCTS_DIR; };
		DBE8529516E0168700F709E7 /* EasyGrocListTests-Info.plist */ = {isa = PBXFileReference; lastKnownFileType = text.plist.xml; path = "EasyGrocListTests-Info.plist"; sourceTree = "<group>"; };
		DBE8529716E0168700F709E7 /* en */ = {isa = PBXFileReference; lastKnownFileType = text.plist.strings; name = en; path = en.lproj/InfoPlist.strings; sourceTree = "<group>"; };
		DBE8529916E0168700F709E7 /* EasyGrocListTests.h */ = {isa = PBXFileReference; lastKnownFileType = sourcecode.c.h; path = EasyGrocListTests.h; sourceTree = "<group>"; };
		DBE8529A16E0168700F709E7 /* EasyGrocListTests.m */ = {isa = PBXFileReference; lastKnownFileType = sourcecode.c.objc; path = EasyGrocListTests.m; sourceTree = "<group>"; };
		DBF61DA11BB175780093B83A /* EasyGrocShareMgr.h */ = {isa = PBXFileReference; fileEncoding = 4; lastKnownFileType = sourcecode.c.h; path = EasyGrocShareMgr.h; sourceTree = "<group>"; };
		DBF61DA21BB175780093B83A /* EasyGrocShareMgr.m */ = {isa = PBXFileReference; fileEncoding = 4; lastKnownFileType = sourcecode.c.objc; path = EasyGrocShareMgr.m; sourceTree = "<group>"; };
		DBFCDAC91AE740B400E7D683 /* Grocery_list_icon_180.png */ = {isa = PBXFileReference; lastKnownFileType = image.png; path = Grocery_list_icon_180.png; sourceTree = "<group>"; };
		DBFCDACF1AE7453300E7D683 /* Images.xcassets */ = {isa = PBXFileReference; lastKnownFileType = folder.assetcatalog; path = Images.xcassets; sourceTree = "<group>"; };
		DBFCDAD21AE7531200E7D683 /* Images_watchkit.xcassets */ = {isa = PBXFileReference; lastKnownFileType = folder.assetcatalog; path = Images_watchkit.xcassets; sourceTree = "<group>"; };
		E800D1A4258105D800C4D48F /* sharing_new.xcdatamodel */ = {isa = PBXFileReference; lastKnownFileType = wrapper.xcdatamodel; path = sharing_new.xcdatamodel; sourceTree = "<group>"; };
		E882DF6524A91B8800C17723 /* client.der */ = {isa = PBXFileReference; lastKnownFileType = file; path = client.der; sourceTree = "<group>"; };
		E8B43B89263AFC40000785EF /* SubscribeViewController.xib */ = {isa = PBXFileReference; fileEncoding = 4; lastKnownFileType = file.xib; path = SubscribeViewController.xib; sourceTree = "<group>"; };
		EA6914DE09AFE6E1673E7E0A /* Pods-EasyGrocList.debug.xcconfig */ = {isa = PBXFileReference; includeInIndex = 1; lastKnownFileType = text.xcconfig; name = "Pods-EasyGrocList.debug.xcconfig"; path = "Target Support Files/Pods-EasyGrocList/Pods-EasyGrocList.debug.xcconfig"; sourceTree = "<group>"; };
/* End PBXFileReference section */

/* Begin PBXFrameworksBuildPhase section */
		DBE8526216E0168600F709E7 /* Frameworks */ = {
			isa = PBXFrameworksBuildPhase;
			buildActionMask = 2147483647;
			files = (
				3B26AED924425A8600EA1EE2 /* AWSCore.framework in Frameworks */,
				3B26AED324425A8100EA1EE2 /* AWSAppSync.framework in Frameworks */,
				3BF7F75B1E71870600419F8D /* libcommon.a in Frameworks */,
				3BF7F7581E71870100419F8D /* libsharing.a in Frameworks */,
				DBBF2C051756B5510083912F /* MobileCoreServices.framework in Frameworks */,
				DBE8526A16E0168600F709E7 /* UIKit.framework in Frameworks */,
				DBE8526C16E0168600F709E7 /* Foundation.framework in Frameworks */,
				DBE8526E16E0168600F709E7 /* CoreGraphics.framework in Frameworks */,
				DBE8527016E0168600F709E7 /* CoreData.framework in Frameworks */,
				99FA274BC544F2251587EF1A /* Pods_EasyGrocList.framework in Frameworks */,
				E882DF6B24BCAE5600C17723 /* StoreKit.framework in Frameworks */,
			);
			runOnlyForDeploymentPostprocessing = 0;
		};
		DBE8528716E0168700F709E7 /* Frameworks */ = {
			isa = PBXFrameworksBuildPhase;
			buildActionMask = 2147483647;
			files = (
				DBE8528E16E0168700F709E7 /* UIKit.framework in Frameworks */,
				DBE8528F16E0168700F709E7 /* Foundation.framework in Frameworks */,
				DBE8529016E0168700F709E7 /* CoreData.framework in Frameworks */,
				C8F8EA5EC380CFDED4A299BF /* Pods_EasyGrocListTests.framework in Frameworks */,
			);
			runOnlyForDeploymentPostprocessing = 0;
		};
/* End PBXFrameworksBuildPhase section */

/* Begin PBXGroup section */
		3BF7F7471E71863500419F8D /* Products */ = {
			isa = PBXGroup;
			children = (
				3BF7F74C1E71863500419F8D /* libcommon.a */,
			);
			name = Products;
			sourceTree = "<group>";
		};
		3BF7F74E1E71863F00419F8D /* Products */ = {
			isa = PBXGroup;
			children = (
				3BF7F7531E71863F00419F8D /* libsharing.a */,
			);
			name = Products;
			sourceTree = "<group>";
		};
		527B8F9E294EBE6E4AD9255B /* Pods */ = {
			isa = PBXGroup;
			children = (
				EA6914DE09AFE6E1673E7E0A /* Pods-EasyGrocList.debug.xcconfig */,
				A607B1DB76927372B124AF60 /* Pods-EasyGrocList.release.xcconfig */,
				535DC9C09A85FE9A703C81FD /* Pods-EasyGrocListTests.debug.xcconfig */,
				D391B2A4643521CE210557C9 /* Pods-EasyGrocListTests.release.xcconfig */,
			);
			path = Pods;
			sourceTree = "<group>";
		};
		DBBA05E81AABB40F001E9959 /* EasyGrocList WatchKit Extension */ = {
			isa = PBXGroup;
			children = (
				DBBA06141AADB334001E9959 /* WRowController.h */,
				DBB936FC1AE3CA4D00F1AD3B /* WRowController.m */,
				DBBA06221AD7F152001E9959 /* EasyGrocList WatchKit Extension.entitlements */,
				DBBA061A1AD2A491001E9959 /* DataAccessor.m */,
				DBBA06191AD2A491001E9959 /* DataAccessor.h */,
				DBBA05EC1AABB40F001E9959 /* InterfaceController.h */,
				DBBA05ED1AABB40F001E9959 /* InterfaceController.m */,
				DBBA05EF1AABB40F001E9959 /* NotificationController.h */,
				DBBA05F01AABB40F001E9959 /* NotificationController.m */,
				DBBA05F21AABB40F001E9959 /* GlanceController.h */,
				DBBA05F31AABB40F001E9959 /* GlanceController.m */,
				DBBA05E91AABB40F001E9959 /* Supporting Files */,
				DBBA061C1AD350E6001E9959 /* ListNames.h */,
				DBBA061D1AD350E6001E9959 /* ListNames.m */,
				DBBA061F1AD351FF001E9959 /* List.h */,
				DBBA06201AD351FF001E9959 /* List.m */,
			);
			path = "EasyGrocList WatchKit Extension";
			sourceTree = "<group>";
		};
		DBBA05E91AABB40F001E9959 /* Supporting Files */ = {
			isa = PBXGroup;
			children = (
				DBBA05EA1AABB40F001E9959 /* Info.plist */,
				DBBA05EB1AABB40F001E9959 /* PushNotificationPayload.apns */,
			);
			name = "Supporting Files";
			sourceTree = "<group>";
		};
		DBBA05FD1AABB40F001E9959 /* EasyGrocList WatchKit App */ = {
			isa = PBXGroup;
			children = (
				DBBA06001AABB40F001E9959 /* Interface.storyboard */,
				DBBA05FE1AABB40F001E9959 /* Supporting Files */,
				DBFCDAD21AE7531200E7D683 /* Images_watchkit.xcassets */,
			);
			path = "EasyGrocList WatchKit App";
			sourceTree = "<group>";
		};
		DBBA05FE1AABB40F001E9959 /* Supporting Files */ = {
			isa = PBXGroup;
			children = (
				DBBA05FF1AABB40F001E9959 /* Info.plist */,
			);
			name = "Supporting Files";
			sourceTree = "<group>";
		};
		DBE8525A16E0168600F709E7 = {
			isa = PBXGroup;
			children = (
				3B9CF8B71EF1F56E004F009D /* AlbumContentsTableViewCell.xib */,
				3BF7F74D1E71863F00419F8D /* sharing.xcodeproj */,
				3BF7F7461E71863500419F8D /* common.xcodeproj */,
				DBFCDAC91AE740B400E7D683 /* Grocery_list_icon_180.png */,
				DBE8527116E0168600F709E7 /* EasyGrocList */,
				DBE8529316E0168700F709E7 /* EasyGrocListTests */,
				DBBA05E81AABB40F001E9959 /* EasyGrocList WatchKit Extension */,
				DBBA05FD1AABB40F001E9959 /* EasyGrocList WatchKit App */,
				DBE8526816E0168600F709E7 /* Frameworks */,
				DBE8526616E0168600F709E7 /* Products */,
				527B8F9E294EBE6E4AD9255B /* Pods */,
			);
			sourceTree = "<group>";
		};
		DBE8526616E0168600F709E7 /* Products */ = {
			isa = PBXGroup;
			children = (
				DBE8526516E0168600F709E7 /* EasyGrocList.app */,
				DBE8528B16E0168700F709E7 /* EasyGrocListTests.xctest */,
			);
			name = Products;
			sourceTree = "<group>";
		};
		DBE8526816E0168600F709E7 /* Frameworks */ = {
			isa = PBXGroup;
			children = (
				3B26AED824425A8600EA1EE2 /* AWSCore.framework */,
				3B26AED224425A8100EA1EE2 /* AWSAppSync.framework */,
				3BC92A9E2442529900A9D9DB /* AWSAppSync.framework */,
				3BC92A9B2442517B00A9D9DB /* AWSCore.framework */,
				3BC92A972442517400A9D9DB /* AWSAppSync.framework */,
				DB5079D31B25B7910094838A /* Security.framework */,
				DB51F6A31ADDC9BB00C3ADB7 /* StoreKit.framework */,
				DBBA06121AADABC4001E9959 /* WatchKit.framework */,
				DBBF2C041756B5500083912F /* MobileCoreServices.framework */,
				DBE8526916E0168600F709E7 /* UIKit.framework */,
				DBE8526B16E0168600F709E7 /* Foundation.framework */,
				DBE8526D16E0168600F709E7 /* CoreGraphics.framework */,
				DBE8526F16E0168600F709E7 /* CoreData.framework */,
				BBC0DEF16C326B2908C80A5C /* Pods_EasyGrocList.framework */,
				93EB96A0C29C36384BA4A379 /* Pods_EasyGrocListTests.framework */,
			);
			name = Frameworks;
			sourceTree = "<group>";
		};
		DBE8527116E0168600F709E7 /* EasyGrocList */ = {
			isa = PBXGroup;
			children = (
				E882DF6524A91B8800C17723 /* client.der */,
				3BB8D66B249C641D006EDFBF /* servercert.der */,
				3BD6EAD322CB021E0086B502 /* awsconfiguration.json */,
				3BC9244C2273B4B40001FF62 /* NotesViewController.xib */,
				E8B43B89263AFC40000785EF /* SubscribeViewController.xib */,
				DB5079D21B25B74B0094838A /* EasyKchainItemWrapper.h */,
				DB5079D01B25B72E0094838A /* EasyKchainItemWrapper.m */,
				DBBA06171AC030BA001E9959 /* EasyGrocList.entitlements */,
				DBE8528316E0168600F709E7 /* EasyGrocList.xcdatamodeld */,
				DB3940E51BB8AF57004D601E /* Constants.h */,
				DBF61DA11BB175780093B83A /* EasyGrocShareMgr.h */,
				DBF61DA21BB175780093B83A /* EasyGrocShareMgr.m */,
				DB3940DF1BB4B12F004D601E /* EasyGrocTranslator.h */,
				3BFE75D21FA0898F005A4B56 /* sharing.xcdatamodeld */,
				E800D1A3258105D800C4D48F /* sharing_new.xcdatamodeld */,
				DB3940E01BB4B12F004D601E /* EasyGrocTranslator.m */,
				3BD6EAB922C035DD0086B502 /* API.swift */,
				DB3940E21BB84796004D601E /* EasyGrocDecoder.h */,
				DB3940E31BB84796004D601E /* EasyGrocDecoder.m */,
				DBE8527A16E0168600F709E7 /* AppDelegate.h */,
				3BD6EAD722DAC2310086B502 /* MKiCloudSync.h */,
				3BD6EAD822DAC2420086B502 /* MKiCloudSync.m */,
				DBE8527B16E0168600F709E7 /* AppDelegate.m */,
				3BD6EACD22C22E7C0086B502 /* AppSyncInterface.swift */,
				DBA254031BF3C4C900E04844 /* SharingDelegate.m */,
				DBA254021BF3C4C900E04844 /* SharingDelegate.h */,
				DBA254041BF3C4C900E04844 /* SharingDelegate.xib */,
				DBE8527216E0168600F709E7 /* Supporting Files */,
				DBFCDACF1AE7453300E7D683 /* Images.xcassets */,
				3BD6EAB822C035DC0086B502 /* EasyGrocList-Bridging-Header.h */,
			);
			path = EasyGrocList;
			sourceTree = "<group>";
		};
		DBE8527216E0168600F709E7 /* Supporting Files */ = {
			isa = PBXGroup;
			children = (
				DBDCDB1C1BF0551F001A277A /* 802-dog-house-selected@2x.png */,
				DBDCDB1A1BF05505001A277A /* 802-dog-house@2x.png */,
				DB7BFAF81C1D936900D68CEE /* IsSelected.png */,
				DB7BFAF91C1D936900D68CEE /* NotSelected.png */,
				DBDCDB121BF04432001A277A /* 895-user-group@2x.png */,
				DBDCDB161BF04473001A277A /* 895-user-group-selected@2x.png */,
				3B3D29041F1BE29000AC3D5D /* Images */,
				DBDCDB171BF04473001A277A /* 895-user-group-selected@3x.png */,
				DBDCDB131BF04432001A277A /* 895-user-group@3x.png */,
				DBBF2BD61737CE300083912F /* delete_button.png */,
				DBBF2BB71701B9570083912F /* camera.png */,
				DBE8527316E0168600F709E7 /* EasyGrocList-Info.plist */,
				DBE8527416E0168600F709E7 /* InfoPlist.strings */,
				DBE8527716E0168600F709E7 /* main.m */,
				DBE8527916E0168600F709E7 /* EasyGrocList-Prefix.pch */,
				DB0C53811AE65BA70089968D /* Icon-60@2x.png */,
				DBE8527D16E0168600F709E7 /* Default.png */,
				DB0C537F1AE65AD00089968D /* Grocery_list_icon_120.png */,
				DBE8527F16E0168600F709E7 /* Default@2x.png */,
				DBE8528116E0168600F709E7 /* Default-568h@2x.png */,
			);
			name = "Supporting Files";
			sourceTree = "<group>";
		};
		DBE8529316E0168700F709E7 /* EasyGrocListTests */ = {
			isa = PBXGroup;
			children = (
				DBE8529916E0168700F709E7 /* EasyGrocListTests.h */,
				DBE8529A16E0168700F709E7 /* EasyGrocListTests.m */,
				DBE8529416E0168700F709E7 /* Supporting Files */,
			);
			path = EasyGrocListTests;
			sourceTree = "<group>";
		};
		DBE8529416E0168700F709E7 /* Supporting Files */ = {
			isa = PBXGroup;
			children = (
				DBE8529516E0168700F709E7 /* EasyGrocListTests-Info.plist */,
				DBE8529616E0168700F709E7 /* InfoPlist.strings */,
			);
			name = "Supporting Files";
			sourceTree = "<group>";
		};
/* End PBXGroup section */

/* Begin PBXNativeTarget section */
		DBE8526416E0168600F709E7 /* EasyGrocList */ = {
			isa = PBXNativeTarget;
			buildConfigurationList = DBE8529E16E0168700F709E7 /* Build configuration list for PBXNativeTarget "EasyGrocList" */;
			buildPhases = (
				E5DCE84E20665C84FC399AA7 /* [CP] Check Pods Manifest.lock */,
				DBE8526116E0168600F709E7 /* Sources */,
				DBE8526216E0168600F709E7 /* Frameworks */,
				DBE8526316E0168600F709E7 /* Resources */,
				E9ECCBC21C704FFD004D68E9 /* Embed Watch Content */,
				6A396E15CD2D33D1B5F6F95F /* [CP] Embed Pods Frameworks */,
			);
			buildRules = (
			);
			dependencies = (
			);
			name = EasyGrocList;
			productName = EasyGrocList;
			productReference = DBE8526516E0168600F709E7 /* EasyGrocList.app */;
			productType = "com.apple.product-type.application";
		};
		DBE8528A16E0168700F709E7 /* EasyGrocListTests */ = {
			isa = PBXNativeTarget;
			buildConfigurationList = DBE852A116E0168700F709E7 /* Build configuration list for PBXNativeTarget "EasyGrocListTests" */;
			buildPhases = (
				55BE5A2F1A3D5BFC7DE8AE02 /* [CP] Check Pods Manifest.lock */,
				DBE8528616E0168700F709E7 /* Sources */,
				DBE8528716E0168700F709E7 /* Frameworks */,
				DBE8528816E0168700F709E7 /* Resources */,
				DBE8528916E0168700F709E7 /* ShellScript */,
			);
			buildRules = (
			);
			dependencies = (
				DBE8529216E0168700F709E7 /* PBXTargetDependency */,
			);
			name = EasyGrocListTests;
			productName = EasyGrocListTests;
			productReference = DBE8528B16E0168700F709E7 /* EasyGrocListTests.xctest */;
			productType = "com.apple.product-type.bundle.unit-test";
		};
/* End PBXNativeTarget section */

/* Begin PBXProject section */
		DBE8525C16E0168600F709E7 /* Project object */ = {
			isa = PBXProject;
			attributes = {
				LastTestingUpgradeCheck = 0630;
				LastUpgradeCheck = 0820;
				ORGANIZATIONNAME = "Ninan Thomas";
				TargetAttributes = {
					DBE8526416E0168600F709E7 = {
						DevelopmentTeam = 3JEQ693MKL;
						LastSwiftMigration = 1020;
						SystemCapabilities = {
							com.apple.ApplicationGroups.iOS = {
								enabled = 1;
							};
							com.apple.Keychain = {
								enabled = 1;
							};
							com.apple.Push = {
								enabled = 1;
							};
							com.apple.iCloud = {
								enabled = 1;
							};
						};
					};
				};
			};
			buildConfigurationList = DBE8525F16E0168600F709E7 /* Build configuration list for PBXProject "EasyGrocList" */;
			compatibilityVersion = "Xcode 9.3";
			developmentRegion = English;
			hasScannedForEncodings = 0;
			knownRegions = (
				English,
				en,
				Base,
			);
			mainGroup = DBE8525A16E0168600F709E7;
			productRefGroup = DBE8526616E0168600F709E7 /* Products */;
			projectDirPath = "";
			projectReferences = (
				{
					ProductGroup = 3BF7F7471E71863500419F8D /* Products */;
					ProjectRef = 3BF7F7461E71863500419F8D /* common.xcodeproj */;
				},
				{
					ProductGroup = 3BF7F74E1E71863F00419F8D /* Products */;
					ProjectRef = 3BF7F74D1E71863F00419F8D /* sharing.xcodeproj */;
				},
			);
			projectRoot = "";
			targets = (
				DBE8526416E0168600F709E7 /* EasyGrocList */,
				DBE8528A16E0168700F709E7 /* EasyGrocListTests */,
			);
		};
/* End PBXProject section */

/* Begin PBXReferenceProxy section */
		3BF7F74C1E71863500419F8D /* libcommon.a */ = {
			isa = PBXReferenceProxy;
			fileType = archive.ar;
			path = libcommon.a;
			remoteRef = 3BF7F74B1E71863500419F8D /* PBXContainerItemProxy */;
			sourceTree = BUILT_PRODUCTS_DIR;
		};
		3BF7F7531E71863F00419F8D /* libsharing.a */ = {
			isa = PBXReferenceProxy;
			fileType = archive.ar;
			path = libsharing.a;
			remoteRef = 3BF7F7521E71863F00419F8D /* PBXContainerItemProxy */;
			sourceTree = BUILT_PRODUCTS_DIR;
		};
/* End PBXReferenceProxy section */

/* Begin PBXResourcesBuildPhase section */
		DBE8526316E0168600F709E7 /* Resources */ = {
			isa = PBXResourcesBuildPhase;
			buildActionMask = 2147483647;
			files = (
				DBA254061BF3C4C900E04844 /* SharingDelegate.xib in Resources */,
				DBFCDACA1AE740B400E7D683 /* Grocery_list_icon_180.png in Resources */,
				DBDCDB1B1BF05505001A277A /* 802-dog-house@2x.png in Resources */,
				3B9CF8B81EF1F56E004F009D /* AlbumContentsTableViewCell.xib in Resources */,
				3BC9244D2273B4B40001FF62 /* NotesViewController.xib in Resources */,
				3B3D29051F1BE29000AC3D5D /* Images in Resources */,
				DBE8527616E0168600F709E7 /* InfoPlist.strings in Resources */,
				DBE8527E16E0168600F709E7 /* Default.png in Resources */,
				3BD6EAD422CB021E0086B502 /* awsconfiguration.json in Resources */,
				DBE8528016E0168600F709E7 /* Default@2x.png in Resources */,
				E882DF6624A91B8800C17723 /* client.der in Resources */,
				DBDCDB141BF04432001A277A /* 895-user-group@2x.png in Resources */,
				DBE8528216E0168600F709E7 /* Default-568h@2x.png in Resources */,
				DBDCDB191BF04473001A277A /* 895-user-group-selected@3x.png in Resources */,
				DBFCDAD01AE7453300E7D683 /* Images.xcassets in Resources */,
				DBBF2BB81701B9580083912F /* camera.png in Resources */,
				DBDCDB151BF04432001A277A /* 895-user-group@3x.png in Resources */,
				DB7BFAFB1C1D936900D68CEE /* NotSelected.png in Resources */,
				DBBF2BD71737CE310083912F /* delete_button.png in Resources */,
				DBDCDB1D1BF0551F001A277A /* 802-dog-house-selected@2x.png in Resources */,
				E8B43B8A263AFC40000785EF /* SubscribeViewController.xib in Resources */,
				DBDCDB181BF04473001A277A /* 895-user-group-selected@2x.png in Resources */,
				DB7BFAFA1C1D936900D68CEE /* IsSelected.png in Resources */,
			);
			runOnlyForDeploymentPostprocessing = 0;
		};
		DBE8528816E0168700F709E7 /* Resources */ = {
			isa = PBXResourcesBuildPhase;
			buildActionMask = 2147483647;
			files = (
				DBE8529816E0168700F709E7 /* InfoPlist.strings in Resources */,
			);
			runOnlyForDeploymentPostprocessing = 0;
		};
/* End PBXResourcesBuildPhase section */

/* Begin PBXShellScriptBuildPhase section */
		55BE5A2F1A3D5BFC7DE8AE02 /* [CP] Check Pods Manifest.lock */ = {
			isa = PBXShellScriptBuildPhase;
			buildActionMask = 2147483647;
			files = (
			);
			inputFileListPaths = (
			);
			inputPaths = (
				"${PODS_PODFILE_DIR_PATH}/Podfile.lock",
				"${PODS_ROOT}/Manifest.lock",
			);
			name = "[CP] Check Pods Manifest.lock";
			outputFileListPaths = (
			);
			outputPaths = (
				"$(DERIVED_FILE_DIR)/Pods-EasyGrocListTests-checkManifestLockResult.txt",
			);
			runOnlyForDeploymentPostprocessing = 0;
			shellPath = /bin/sh;
			shellScript = "diff \"${PODS_PODFILE_DIR_PATH}/Podfile.lock\" \"${PODS_ROOT}/Manifest.lock\" > /dev/null\nif [ $? != 0 ] ; then\n    # print error to STDERR\n    echo \"error: The sandbox is not in sync with the Podfile.lock. Run 'pod install' or update your CocoaPods installation.\" >&2\n    exit 1\nfi\n# This output is used by Xcode 'outputs' to avoid re-running this script phase.\necho \"SUCCESS\" > \"${SCRIPT_OUTPUT_FILE_0}\"\n";
			showEnvVarsInLog = 0;
		};
		6A396E15CD2D33D1B5F6F95F /* [CP] Embed Pods Frameworks */ = {
			isa = PBXShellScriptBuildPhase;
			buildActionMask = 2147483647;
			files = (
			);
			inputFileListPaths = (
				"${PODS_ROOT}/Target Support Files/Pods-EasyGrocList/Pods-EasyGrocList-frameworks-${CONFIGURATION}-input-files.xcfilelist",
			);
			name = "[CP] Embed Pods Frameworks";
			outputFileListPaths = (
				"${PODS_ROOT}/Target Support Files/Pods-EasyGrocList/Pods-EasyGrocList-frameworks-${CONFIGURATION}-output-files.xcfilelist",
			);
			runOnlyForDeploymentPostprocessing = 0;
			shellPath = /bin/sh;
			shellScript = "\"${PODS_ROOT}/Target Support Files/Pods-EasyGrocList/Pods-EasyGrocList-frameworks.sh\"\n";
			showEnvVarsInLog = 0;
		};
		DBE8528916E0168700F709E7 /* ShellScript */ = {
			isa = PBXShellScriptBuildPhase;
			buildActionMask = 2147483647;
			files = (
			);
			inputPaths = (
			);
			outputPaths = (
			);
			runOnlyForDeploymentPostprocessing = 0;
			shellPath = /bin/sh;
			shellScript = "# Run the unit tests in this test bundle.\n\"${SYSTEM_DEVELOPER_DIR}/Tools/RunUnitTests\"\n";
		};
		E5DCE84E20665C84FC399AA7 /* [CP] Check Pods Manifest.lock */ = {
			isa = PBXShellScriptBuildPhase;
			buildActionMask = 2147483647;
			files = (
			);
			inputFileListPaths = (
			);
			inputPaths = (
				"${PODS_PODFILE_DIR_PATH}/Podfile.lock",
				"${PODS_ROOT}/Manifest.lock",
			);
			name = "[CP] Check Pods Manifest.lock";
			outputFileListPaths = (
			);
			outputPaths = (
				"$(DERIVED_FILE_DIR)/Pods-EasyGrocList-checkManifestLockResult.txt",
			);
			runOnlyForDeploymentPostprocessing = 0;
			shellPath = /bin/sh;
			shellScript = "diff \"${PODS_PODFILE_DIR_PATH}/Podfile.lock\" \"${PODS_ROOT}/Manifest.lock\" > /dev/null\nif [ $? != 0 ] ; then\n    # print error to STDERR\n    echo \"error: The sandbox is not in sync with the Podfile.lock. Run 'pod install' or update your CocoaPods installation.\" >&2\n    exit 1\nfi\n# This output is used by Xcode 'outputs' to avoid re-running this script phase.\necho \"SUCCESS\" > \"${SCRIPT_OUTPUT_FILE_0}\"\n";
			showEnvVarsInLog = 0;
		};
/* End PBXShellScriptBuildPhase section */

/* Begin PBXSourcesBuildPhase section */
		DBE8526116E0168600F709E7 /* Sources */ = {
			isa = PBXSourcesBuildPhase;
			buildActionMask = 2147483647;
			files = (
				DBE8527816E0168600F709E7 /* main.m in Sources */,
				3BD6EACE22C22E7C0086B502 /* AppSyncInterface.swift in Sources */,
				DBE8527C16E0168600F709E7 /* AppDelegate.m in Sources */,
				E800D1A5258105D800C4D48F /* sharing_new.xcdatamodeld in Sources */,
				3BFE75D41FA0898F005A4B56 /* sharing.xcdatamodeld in Sources */,
				DB3940E11BB4B12F004D601E /* EasyGrocTranslator.m in Sources */,
				3BD6EABA22C035DD0086B502 /* API.swift in Sources */,
				DBE8528516E0168600F709E7 /* EasyGrocList.xcdatamodeld in Sources */,
				DB5079D11B25B72E0094838A /* EasyKchainItemWrapper.m in Sources */,
				DB3940E41BB84796004D601E /* EasyGrocDecoder.m in Sources */,
				DBA254051BF3C4C900E04844 /* SharingDelegate.m in Sources */,
				3BD6EAD922DAC2420086B502 /* MKiCloudSync.m in Sources */,
				DBF61DA31BB175780093B83A /* EasyGrocShareMgr.m in Sources */,
			);
			runOnlyForDeploymentPostprocessing = 0;
		};
		DBE8528616E0168700F709E7 /* Sources */ = {
			isa = PBXSourcesBuildPhase;
			buildActionMask = 2147483647;
			files = (
				DBE8529B16E0168700F709E7 /* EasyGrocListTests.m in Sources */,
			);
			runOnlyForDeploymentPostprocessing = 0;
		};
/* End PBXSourcesBuildPhase section */

/* Begin PBXTargetDependency section */
		DBE8529216E0168700F709E7 /* PBXTargetDependency */ = {
			isa = PBXTargetDependency;
			target = DBE8526416E0168600F709E7 /* EasyGrocList */;
			targetProxy = DBE8529116E0168700F709E7 /* PBXContainerItemProxy */;
		};
/* End PBXTargetDependency section */

/* Begin PBXVariantGroup section */
		DBBA06001AABB40F001E9959 /* Interface.storyboard */ = {
			isa = PBXVariantGroup;
			children = (
				DBBA06011AABB40F001E9959 /* Base */,
			);
			name = Interface.storyboard;
			sourceTree = "<group>";
		};
		DBE8527416E0168600F709E7 /* InfoPlist.strings */ = {
			isa = PBXVariantGroup;
			children = (
				DBE8527516E0168600F709E7 /* en */,
			);
			name = InfoPlist.strings;
			sourceTree = "<group>";
		};
		DBE8529616E0168700F709E7 /* InfoPlist.strings */ = {
			isa = PBXVariantGroup;
			children = (
				DBE8529716E0168700F709E7 /* en */,
			);
			name = InfoPlist.strings;
			sourceTree = "<group>";
		};
/* End PBXVariantGroup section */

/* Begin XCBuildConfiguration section */
		DBE8529C16E0168700F709E7 /* Debug */ = {
			isa = XCBuildConfiguration;
			buildSettings = {
				ALWAYS_SEARCH_USER_PATHS = NO;
				CLANG_CXX_LANGUAGE_STANDARD = "gnu++0x";
				CLANG_CXX_LIBRARY = "libc++";
				CLANG_ENABLE_OBJC_ARC = YES;
				CLANG_WARN_BOOL_CONVERSION = YES;
				CLANG_WARN_CONSTANT_CONVERSION = YES;
				CLANG_WARN_EMPTY_BODY = YES;
				CLANG_WARN_ENUM_CONVERSION = YES;
				CLANG_WARN_INFINITE_RECURSION = YES;
				CLANG_WARN_INT_CONVERSION = YES;
				CLANG_WARN_SUSPICIOUS_MOVE = YES;
				CLANG_WARN_UNREACHABLE_CODE = YES;
				CLANG_WARN__DUPLICATE_METHOD_MATCH = YES;
				CODE_SIGN_IDENTITY = "iPhone Developer";
				"CODE_SIGN_IDENTITY[sdk=iphoneos*]" = "iPhone Developer";
				COPY_PHASE_STRIP = NO;
				ENABLE_STRICT_OBJC_MSGSEND = YES;
				ENABLE_TESTABILITY = YES;
				GCC_C_LANGUAGE_STANDARD = gnu99;
				GCC_DYNAMIC_NO_PIC = NO;
				GCC_NO_COMMON_BLOCKS = YES;
				GCC_OPTIMIZATION_LEVEL = 0;
				GCC_PREPROCESSOR_DEFINITIONS = (
					"DEBUG=1",
					"$(inherited)",
				);
				GCC_SYMBOLS_PRIVATE_EXTERN = NO;
				GCC_WARN_64_TO_32_BIT_CONVERSION = YES;
				GCC_WARN_ABOUT_RETURN_TYPE = YES;
				GCC_WARN_UNDECLARED_SELECTOR = YES;
				GCC_WARN_UNINITIALIZED_AUTOS = YES;
				GCC_WARN_UNUSED_FUNCTION = YES;
				GCC_WARN_UNUSED_VARIABLE = YES;
				IPHONEOS_DEPLOYMENT_TARGET = 11.0;
				ONLY_ACTIVE_ARCH = YES;
				SDKROOT = iphoneos;
			};
			name = Debug;
		};
		DBE8529D16E0168700F709E7 /* Release */ = {
			isa = XCBuildConfiguration;
			buildSettings = {
				ALWAYS_SEARCH_USER_PATHS = NO;
				CLANG_CXX_LANGUAGE_STANDARD = "gnu++0x";
				CLANG_CXX_LIBRARY = "libc++";
				CLANG_ENABLE_OBJC_ARC = YES;
				CLANG_WARN_BOOL_CONVERSION = YES;
				CLANG_WARN_CONSTANT_CONVERSION = YES;
				CLANG_WARN_EMPTY_BODY = YES;
				CLANG_WARN_ENUM_CONVERSION = YES;
				CLANG_WARN_INFINITE_RECURSION = YES;
				CLANG_WARN_INT_CONVERSION = YES;
				CLANG_WARN_SUSPICIOUS_MOVE = YES;
				CLANG_WARN_UNREACHABLE_CODE = YES;
				CLANG_WARN__DUPLICATE_METHOD_MATCH = YES;
				CODE_SIGN_IDENTITY = "iPhone Developer";
				"CODE_SIGN_IDENTITY[sdk=iphoneos*]" = "iPhone Developer";
				COPY_PHASE_STRIP = YES;
				ENABLE_STRICT_OBJC_MSGSEND = YES;
				GCC_C_LANGUAGE_STANDARD = gnu99;
				GCC_NO_COMMON_BLOCKS = YES;
				GCC_WARN_64_TO_32_BIT_CONVERSION = YES;
				GCC_WARN_ABOUT_RETURN_TYPE = YES;
				GCC_WARN_UNDECLARED_SELECTOR = YES;
				GCC_WARN_UNINITIALIZED_AUTOS = YES;
				GCC_WARN_UNUSED_FUNCTION = YES;
				GCC_WARN_UNUSED_VARIABLE = YES;
				IPHONEOS_DEPLOYMENT_TARGET = 11.0;
				OTHER_CFLAGS = "-DNS_BLOCK_ASSERTIONS=1";
				SDKROOT = iphoneos;
				VALIDATE_PRODUCT = YES;
			};
			name = Release;
		};
		DBE8529F16E0168700F709E7 /* Debug */ = {
			isa = XCBuildConfiguration;
			baseConfigurationReference = EA6914DE09AFE6E1673E7E0A /* Pods-EasyGrocList.debug.xcconfig */;
			buildSettings = {
				ASSETCATALOG_COMPILER_APPICON_NAME = AppIcon;
				ASSETCATALOG_COMPILER_LAUNCHIMAGE_NAME = LaunchImage;
				CLANG_ENABLE_MODULES = YES;
				CODE_SIGN_ENTITLEMENTS = EasyGrocList/EasyGrocList.entitlements;
				CODE_SIGN_IDENTITY = "iPhone Developer";
				"CODE_SIGN_IDENTITY[sdk=iphoneos*]" = "iPhone Developer";
				COPY_PHASE_STRIP = NO;
				CURRENT_PROJECT_VERSION = 3.27;
				DEVELOPMENT_TEAM = 3JEQ693MKL;
				"FRAMEWORK_SEARCH_PATHS[arch=*]" = (
					"$(inherited)",
					"\"${PODS_CONFIGURATION_BUILD_DIR}/AWSAppSync\"",
					"\"${PODS_CONFIGURATION_BUILD_DIR}/AWSCore\"",
					"\"${PODS_CONFIGURATION_BUILD_DIR}/ReachabilitySwift\"",
					"\"${PODS_CONFIGURATION_BUILD_DIR}/SQLite.swift\"",
				);
				GCC_PRECOMPILE_PREFIX_HEADER = YES;
				GCC_PREFIX_HEADER = "EasyGrocList/EasyGrocList-Prefix.pch";
				"HEADER_SEARCH_PATHS[arch=*]" = (
					/Users/ninan/ios/sharing,
					/Users/ninan/ios/common,
				);
				INFOPLIST_FILE = "EasyGrocList/EasyGrocList-Info.plist";
				IPHONEOS_DEPLOYMENT_TARGET = 11.0;
				LD_RUNPATH_SEARCH_PATHS = (
					"$(inherited)",
					"@executable_path/Frameworks",
				);
				MARKETING_VERSION = 3.11;
				ONLY_ACTIVE_ARCH = YES;
				"OTHER_LDFLAGS[arch=*]" = (
					"-ObjC",
					"-v",
				);
				"PODS_PODFILE_DIR_PATH[arch=*]" = "${SRCROOT}/.";
				PRODUCT_BUNDLE_IDENTIFIER = "com.rekhaninan.${PRODUCT_NAME:rfc1034identifier}";
				PRODUCT_NAME = EasyGrocList;
				PROVISIONING_PROFILE = "";
				SWIFT_OBJC_BRIDGING_HEADER = "EasyGrocList/EasyGrocList-Bridging-Header.h";
				SWIFT_OPTIMIZATION_LEVEL = "-Onone";
				SWIFT_VERSION = 5.0;
				WRAPPER_EXTENSION = app;
			};
			name = Debug;
		};
		DBE852A016E0168700F709E7 /* Release */ = {
			isa = XCBuildConfiguration;
			baseConfigurationReference = A607B1DB76927372B124AF60 /* Pods-EasyGrocList.release.xcconfig */;
			buildSettings = {
				ASSETCATALOG_COMPILER_APPICON_NAME = AppIcon;
				ASSETCATALOG_COMPILER_LAUNCHIMAGE_NAME = LaunchImage;
				CLANG_ENABLE_MODULES = YES;
				CODE_SIGN_ENTITLEMENTS = EasyGrocList/EasyGrocList.entitlements;
				CODE_SIGN_IDENTITY = "iPhone Developer";
				"CODE_SIGN_IDENTITY[sdk=iphoneos*]" = "iPhone Developer";
				COPY_PHASE_STRIP = NO;
				CURRENT_PROJECT_VERSION = 3.27;
				DEVELOPMENT_TEAM = 3JEQ693MKL;
				"FRAMEWORK_SEARCH_PATHS[arch=*]" = (
					"$(inherited)",
					"\"${PODS_CONFIGURATION_BUILD_DIR}/AWSAppSync\"",
					"\"${PODS_CONFIGURATION_BUILD_DIR}/AWSCore\"",
					"\"${PODS_CONFIGURATION_BUILD_DIR}/ReachabilitySwift\"",
					"\"${PODS_CONFIGURATION_BUILD_DIR}/SQLite.swift\"",
				);
				GCC_PRECOMPILE_PREFIX_HEADER = YES;
				GCC_PREFIX_HEADER = "EasyGrocList/EasyGrocList-Prefix.pch";
				"HEADER_SEARCH_PATHS[arch=*]" = (
					/Users/ninan/ios/sharing,
					/Users/ninan/ios/common,
				);
				INFOPLIST_FILE = "EasyGrocList/EasyGrocList-Info.plist";
				IPHONEOS_DEPLOYMENT_TARGET = 11.0;
				LD_RUNPATH_SEARCH_PATHS = (
					"$(inherited)",
					"@executable_path/Frameworks",
				);
				MARKETING_VERSION = 3.11;
				ONLY_ACTIVE_ARCH = NO;
				"OTHER_LDFLAGS[arch=*]" = "-ObjC";
				PRODUCT_BUNDLE_IDENTIFIER = "com.rekhaninan.${PRODUCT_NAME:rfc1034identifier}";
				PRODUCT_NAME = EasyGrocList;
				PROVISIONING_PROFILE = "";
				SWIFT_OBJC_BRIDGING_HEADER = "EasyGrocList/EasyGrocList-Bridging-Header.h";
				SWIFT_VERSION = 5.0;
				WRAPPER_EXTENSION = app;
			};
			name = Release;
		};
		DBE852A216E0168700F709E7 /* Debug */ = {
			isa = XCBuildConfiguration;
			baseConfigurationReference = 535DC9C09A85FE9A703C81FD /* Pods-EasyGrocListTests.debug.xcconfig */;
			buildSettings = {
				ALWAYS_EMBED_SWIFT_STANDARD_LIBRARIES = YES;
				BUNDLE_LOADER = "$(BUILT_PRODUCTS_DIR)/EasyGrocList.app/EasyGrocList";
				CODE_SIGN_IDENTITY = "iPhone Developer";
				COPY_PHASE_STRIP = NO;
				FRAMEWORK_SEARCH_PATHS = (
					"\"$(SDKROOT)/Developer/Library/Frameworks\"",
					"\"$(DEVELOPER_LIBRARY_DIR)/Frameworks\"",
					"$(inherited)",
				);
				GCC_PRECOMPILE_PREFIX_HEADER = YES;
				GCC_PREFIX_HEADER = "EasyGrocList/EasyGrocList-Prefix.pch";
				INFOPLIST_FILE = "EasyGrocListTests/EasyGrocListTests-Info.plist";
				PRODUCT_BUNDLE_IDENTIFIER = "com.rekhaninan.${PRODUCT_NAME:rfc1034identifier}";
				PRODUCT_NAME = EasyGrocListTests;
				TEST_HOST = "$(BUNDLE_LOADER)";
			};
			name = Debug;
		};
		DBE852A316E0168700F709E7 /* Release */ = {
			isa = XCBuildConfiguration;
			baseConfigurationReference = D391B2A4643521CE210557C9 /* Pods-EasyGrocListTests.release.xcconfig */;
			buildSettings = {
				ALWAYS_EMBED_SWIFT_STANDARD_LIBRARIES = YES;
				BUNDLE_LOADER = "$(BUILT_PRODUCTS_DIR)/EasyGrocList.app/EasyGrocList";
				CODE_SIGN_IDENTITY = "iPhone Developer";
				COPY_PHASE_STRIP = NO;
				FRAMEWORK_SEARCH_PATHS = (
					"\"$(SDKROOT)/Developer/Library/Frameworks\"",
					"\"$(DEVELOPER_LIBRARY_DIR)/Frameworks\"",
					"$(inherited)",
				);
				GCC_PRECOMPILE_PREFIX_HEADER = YES;
				GCC_PREFIX_HEADER = "EasyGrocList/EasyGrocList-Prefix.pch";
				INFOPLIST_FILE = "EasyGrocListTests/EasyGrocListTests-Info.plist";
				PRODUCT_BUNDLE_IDENTIFIER = "com.rekhaninan.${PRODUCT_NAME:rfc1034identifier}";
				PRODUCT_NAME = EasyGrocListTests;
				TEST_HOST = "$(BUNDLE_LOADER)";
			};
			name = Release;
		};
/* End XCBuildConfiguration section */

/* Begin XCConfigurationList section */
		DBE8525F16E0168600F709E7 /* Build configuration list for PBXProject "EasyGrocList" */ = {
			isa = XCConfigurationList;
			buildConfigurations = (
				DBE8529C16E0168700F709E7 /* Debug */,
				DBE8529D16E0168700F709E7 /* Release */,
			);
			defaultConfigurationIsVisible = 0;
			defaultConfigurationName = Release;
		};
		DBE8529E16E0168700F709E7 /* Build configuration list for PBXNativeTarget "EasyGrocList" */ = {
			isa = XCConfigurationList;
			buildConfigurations = (
				DBE8529F16E0168700F709E7 /* Debug */,
				DBE852A016E0168700F709E7 /* Release */,
			);
			defaultConfigurationIsVisible = 0;
			defaultConfigurationName = Release;
		};
		DBE852A116E0168700F709E7 /* Build configuration list for PBXNativeTarget "EasyGrocListTests" */ = {
			isa = XCConfigurationList;
			buildConfigurations = (
				DBE852A216E0168700F709E7 /* Debug */,
				DBE852A316E0168700F709E7 /* Release */,
			);
			defaultConfigurationIsVisible = 0;
			defaultConfigurationName = Release;
		};
/* End XCConfigurationList section */

/* Begin XCVersionGroup section */
		3BFE75D21FA0898F005A4B56 /* sharing.xcdatamodeld */ = {
			isa = XCVersionGroup;
			children = (
				3BFE75D31FA0898F005A4B56 /* sharing.xcdatamodel */,
			);
			currentVersion = 3BFE75D31FA0898F005A4B56 /* sharing.xcdatamodel */;
			path = sharing.xcdatamodeld;
			sourceTree = "<group>";
			versionGroupType = wrapper.xcdatamodel;
		};
		DBE8528316E0168600F709E7 /* EasyGrocList.xcdatamodeld */ = {
			isa = XCVersionGroup;
			children = (
				DBE8528416E0168600F709E7 /* EasyGrocList.xcdatamodel */,
			);
			currentVersion = DBE8528416E0168600F709E7 /* EasyGrocList.xcdatamodel */;
			path = EasyGrocList.xcdatamodeld;
			sourceTree = "<group>";
			versionGroupType = wrapper.xcdatamodel;
		};
		E800D1A3258105D800C4D48F /* sharing_new.xcdatamodeld */ = {
			isa = XCVersionGroup;
			children = (
				E800D1A4258105D800C4D48F /* sharing_new.xcdatamodel */,
			);
			currentVersion = E800D1A4258105D800C4D48F /* sharing_new.xcdatamodel */;
			path = sharing_new.xcdatamodeld;
			sourceTree = "<group>";
			versionGroupType = wrapper.xcdatamodel;
		};
/* End XCVersionGroup section */
	};
	rootObject = DBE8525C16E0168600F709E7 /* Project object */;
}
